
Microsoft Visual Studio Solution File, Format Version 12.00
# Visual Studio Version 16
VisualStudioVersion = 16.0.32929.386
MinimumVisualStudioVersion = 10.0.40219.1
Project("{FAE04EC0-301F-11D3-BF4B-00C04F79EFBC}") = "Wpf-Task5.1", "Wpf-Task5.1\Wpf-Task5.1.csproj", "{9FD0E113-922A-4902-89DB-1F3FC7AC1CA3}"
EndProject
Global
	GlobalSection(SolutionConfigurationPlatforms) = preSolution
		Debug|Any CPU = Debug|Any CPU
		Release|Any CPU = Release|Any CPU
	EndGlobalSection
	GlobalSection(ProjectConfigurationPlatforms) = postSolution
		{9FD0E113-922A-4902-89DB-1F3FC7AC1CA3}.Debug|Any CPU.ActiveCfg = Debug|Any CPU
		{9FD0E113-922A-4902-89DB-1F3FC7AC1CA3}.Debug|Any CPU.Build.0 = Debug|Any CPU
		{9FD0E113-922A-4902-89DB-1F3FC7AC1CA3}.Release|Any CPU.ActiveCfg = Release|Any CPU
		{9FD0E113-922A-4902-89DB-1F3FC7AC1CA3}.Release|Any CPU.Build.0 = Release|Any CPU
	EndGlobalSection
	GlobalSection(SolutionProperties) = preSolution
		HideSolutionNode = FALSE
	EndGlobalSection
	GlobalSection(ExtensibilityGlobals) = postSolution
		SolutionGuid = {1B6BC431-8023-48AD-A836-C5D57A05B156}
	EndGlobalSection
EndGlobal
